// !$*UTF8*$!
{
	archiveVersion = 1;
	classes = {
	};
	objectVersion = 56;
	objects = {

/* Begin PBXBuildFile section */
		432FCD932CA7F3A800F15A65 /* SDWebImageSwiftUI in Frameworks */ = {isa = PBXBuildFile; productRef = 432FCD922CA7F3A800F15A65 /* SDWebImageSwiftUI */; };
		43A25E9E2C9FFBBC00C26425 /* movie_recommendationApp.swift in Sources */ = {isa = PBXBuildFile; fileRef = 43A25E9D2C9FFBBC00C26425 /* movie_recommendationApp.swift */; };
		43A25EA02C9FFBBC00C26425 /* ContentView.swift in Sources */ = {isa = PBXBuildFile; fileRef = 43A25E9F2C9FFBBC00C26425 /* ContentView.swift */; };
		43A25EA22C9FFBBC00C26425 /* Assets.xcassets in Resources */ = {isa = PBXBuildFile; fileRef = 43A25EA12C9FFBBC00C26425 /* Assets.xcassets */; };
		43A25EA52C9FFBBC00C26425 /* Preview Assets.xcassets in Resources */ = {isa = PBXBuildFile; fileRef = 43A25EA42C9FFBBC00C26425 /* Preview Assets.xcassets */; };
		43A25EAF2C9FFBBD00C26425 /* movie_recommendationTests.swift in Sources */ = {isa = PBXBuildFile; fileRef = 43A25EAE2C9FFBBD00C26425 /* movie_recommendationTests.swift */; };
		43A25EB92C9FFBBD00C26425 /* movie_recommendationUITests.swift in Sources */ = {isa = PBXBuildFile; fileRef = 43A25EB82C9FFBBD00C26425 /* movie_recommendationUITests.swift */; };
		43A25EBB2C9FFBBD00C26425 /* movie_recommendationUITestsLaunchTests.swift in Sources */ = {isa = PBXBuildFile; fileRef = 43A25EBA2C9FFBBD00C26425 /* movie_recommendationUITestsLaunchTests.swift */; };
		43A25EC82CA0052900C26425 /* CategoryView.swift in Sources */ = {isa = PBXBuildFile; fileRef = 43A25EC72CA0052900C26425 /* CategoryView.swift */; };
		43A25ECA2CA0059200C26425 /* Model.swift in Sources */ = {isa = PBXBuildFile; fileRef = 43A25EC92CA0059200C26425 /* Model.swift */; };
		43A25ECC2CA00DCC00C26425 /* MovieView.swift in Sources */ = {isa = PBXBuildFile; fileRef = 43A25ECB2CA00DCC00C26425 /* MovieView.swift */; };
		43A25ECE2CA0126A00C26425 /* Colors.swift in Sources */ = {isa = PBXBuildFile; fileRef = 43A25ECD2CA0126A00C26425 /* Colors.swift */; };
		43A25ED02CA05C7300C26425 /* DetailView.swift in Sources */ = {isa = PBXBuildFile; fileRef = 43A25ECF2CA05C7300C26425 /* DetailView.swift */; };
		43A25ED22CA0689A00C26425 /* LoginView.swift in Sources */ = {isa = PBXBuildFile; fileRef = 43A25ED12CA0689A00C26425 /* LoginView.swift */; };
		43A25ED42CA073E500C26425 /* ProfileView.swift in Sources */ = {isa = PBXBuildFile; fileRef = 43A25ED32CA073E500C26425 /* ProfileView.swift */; };
/* End PBXBuildFile section */

/* Begin PBXContainerItemProxy section */
		43A25EAB2C9FFBBD00C26425 /* PBXContainerItemProxy */ = {
			isa = PBXContainerItemProxy;
			containerPortal = 43A25E922C9FFBBC00C26425 /* Project object */;
			proxyType = 1;
			remoteGlobalIDString = 43A25E992C9FFBBC00C26425;
			remoteInfo = "movie-recommendation";
		};
		43A25EB52C9FFBBD00C26425 /* PBXContainerItemProxy */ = {
			isa = PBXContainerItemProxy;
			containerPortal = 43A25E922C9FFBBC00C26425 /* Project object */;
			proxyType = 1;
			remoteGlobalIDString = 43A25E992C9FFBBC00C26425;
			remoteInfo = "movie-recommendation";
		};
/* End PBXContainerItemProxy section */

/* Begin PBXFileReference section */
		43A25E9A2C9FFBBC00C26425 /* movie-recommendation.app */ = {isa = PBXFileReference; explicitFileType = wrapper.application; includeInIndex = 0; path = "movie-recommendation.app"; sourceTree = BUILT_PRODUCTS_DIR; };
		43A25E9D2C9FFBBC00C26425 /* movie_recommendationApp.swift */ = {isa = PBXFileReference; lastKnownFileType = sourcecode.swift; path = movie_recommendationApp.swift; sourceTree = "<group>"; };
		43A25E9F2C9FFBBC00C26425 /* ContentView.swift */ = {isa = PBXFileReference; lastKnownFileType = sourcecode.swift; path = ContentView.swift; sourceTree = "<group>"; };
		43A25EA12C9FFBBC00C26425 /* Assets.xcassets */ = {isa = PBXFileReference; lastKnownFileType = folder.assetcatalog; path = Assets.xcassets; sourceTree = "<group>"; };
		43A25EA42C9FFBBC00C26425 /* Preview Assets.xcassets */ = {isa = PBXFileReference; lastKnownFileType = folder.assetcatalog; path = "Preview Assets.xcassets"; sourceTree = "<group>"; };
		43A25EAA2C9FFBBD00C26425 /* movie-recommendationTests.xctest */ = {isa = PBXFileReference; explicitFileType = wrapper.cfbundle; includeInIndex = 0; path = "movie-recommendationTests.xctest"; sourceTree = BUILT_PRODUCTS_DIR; };
		43A25EAE2C9FFBBD00C26425 /* movie_recommendationTests.swift */ = {isa = PBXFileReference; lastKnownFileType = sourcecode.swift; path = movie_recommendationTests.swift; sourceTree = "<group>"; };
		43A25EB42C9FFBBD00C26425 /* movie-recommendationUITests.xctest */ = {isa = PBXFileReference; explicitFileType = wrapper.cfbundle; includeInIndex = 0; path = "movie-recommendationUITests.xctest"; sourceTree = BUILT_PRODUCTS_DIR; };
		43A25EB82C9FFBBD00C26425 /* movie_recommendationUITests.swift */ = {isa = PBXFileReference; lastKnownFileType = sourcecode.swift; path = movie_recommendationUITests.swift; sourceTree = "<group>"; };
		43A25EBA2C9FFBBD00C26425 /* movie_recommendationUITestsLaunchTests.swift */ = {isa = PBXFileReference; lastKnownFileType = sourcecode.swift; path = movie_recommendationUITestsLaunchTests.swift; sourceTree = "<group>"; };
		43A25EC72CA0052900C26425 /* CategoryView.swift */ = {isa = PBXFileReference; lastKnownFileType = sourcecode.swift; path = CategoryView.swift; sourceTree = "<group>"; };
		43A25EC92CA0059200C26425 /* Model.swift */ = {isa = PBXFileReference; lastKnownFileType = sourcecode.swift; path = Model.swift; sourceTree = "<group>"; };
		43A25ECB2CA00DCC00C26425 /* MovieView.swift */ = {isa = PBXFileReference; lastKnownFileType = sourcecode.swift; path = MovieView.swift; sourceTree = "<group>"; };
		43A25ECD2CA0126A00C26425 /* Colors.swift */ = {isa = PBXFileReference; lastKnownFileType = sourcecode.swift; path = Colors.swift; sourceTree = "<group>"; };
		43A25ECF2CA05C7300C26425 /* DetailView.swift */ = {isa = PBXFileReference; lastKnownFileType = sourcecode.swift; path = DetailView.swift; sourceTree = "<group>"; };
		43A25ED12CA0689A00C26425 /* LoginView.swift */ = {isa = PBXFileReference; lastKnownFileType = sourcecode.swift; path = LoginView.swift; sourceTree = "<group>"; };
		43A25ED32CA073E500C26425 /* ProfileView.swift */ = {isa = PBXFileReference; lastKnownFileType = sourcecode.swift; path = ProfileView.swift; sourceTree = "<group>"; };
/* End PBXFileReference section */

/* Begin PBXFrameworksBuildPhase section */
		43A25E972C9FFBBC00C26425 /* Frameworks */ = {
			isa = PBXFrameworksBuildPhase;
			buildActionMask = 2147483647;
			files = (
				432FCD932CA7F3A800F15A65 /* SDWebImageSwiftUI in Frameworks */,
			);
			runOnlyForDeploymentPostprocessing = 0;
		};
		43A25EA72C9FFBBD00C26425 /* Frameworks */ = {
			isa = PBXFrameworksBuildPhase;
			buildActionMask = 2147483647;
			files = (
			);
			runOnlyForDeploymentPostprocessing = 0;
		};
		43A25EB12C9FFBBD00C26425 /* Frameworks */ = {
			isa = PBXFrameworksBuildPhase;
			buildActionMask = 2147483647;
			files = (
			);
			runOnlyForDeploymentPostprocessing = 0;
		};
/* End PBXFrameworksBuildPhase section */

/* Begin PBXGroup section */
		43A25E912C9FFBBC00C26425 = {
			isa = PBXGroup;
			children = (
				43A25E9C2C9FFBBC00C26425 /* movie-recommendation */,
				43A25EAD2C9FFBBD00C26425 /* movie-recommendationTests */,
				43A25EB72C9FFBBD00C26425 /* movie-recommendationUITests */,
				43A25E9B2C9FFBBC00C26425 /* Products */,
			);
			sourceTree = "<group>";
		};
		43A25E9B2C9FFBBC00C26425 /* Products */ = {
			isa = PBXGroup;
			children = (
				43A25E9A2C9FFBBC00C26425 /* movie-recommendation.app */,
				43A25EAA2C9FFBBD00C26425 /* movie-recommendationTests.xctest */,
				43A25EB42C9FFBBD00C26425 /* movie-recommendationUITests.xctest */,
			);
			name = Products;
			sourceTree = "<group>";
		};
		43A25E9C2C9FFBBC00C26425 /* movie-recommendation */ = {
			isa = PBXGroup;
			children = (
				43A25ED32CA073E500C26425 /* ProfileView.swift */,
				43A25ED12CA0689A00C26425 /* LoginView.swift */,
				43A25ECB2CA00DCC00C26425 /* MovieView.swift */,
				43A25E9D2C9FFBBC00C26425 /* movie_recommendationApp.swift */,
				43A25E9F2C9FFBBC00C26425 /* ContentView.swift */,
				43A25EC72CA0052900C26425 /* CategoryView.swift */,
				43A25ECF2CA05C7300C26425 /* DetailView.swift */,
				43A25EA12C9FFBBC00C26425 /* Assets.xcassets */,
				43A25EA32C9FFBBC00C26425 /* Preview Content */,
				43A25EC92CA0059200C26425 /* Model.swift */,
				43A25ECD2CA0126A00C26425 /* Colors.swift */,
			);
			path = "movie-recommendation";
			sourceTree = "<group>";
		};
		43A25EA32C9FFBBC00C26425 /* Preview Content */ = {
			isa = PBXGroup;
			children = (
				43A25EA42C9FFBBC00C26425 /* Preview Assets.xcassets */,
			);
			path = "Preview Content";
			sourceTree = "<group>";
		};
		43A25EAD2C9FFBBD00C26425 /* movie-recommendationTests */ = {
			isa = PBXGroup;
			children = (
				43A25EAE2C9FFBBD00C26425 /* movie_recommendationTests.swift */,
			);
			path = "movie-recommendationTests";
			sourceTree = "<group>";
		};
		43A25EB72C9FFBBD00C26425 /* movie-recommendationUITests */ = {
			isa = PBXGroup;
			children = (
				43A25EB82C9FFBBD00C26425 /* movie_recommendationUITests.swift */,
				43A25EBA2C9FFBBD00C26425 /* movie_recommendationUITestsLaunchTests.swift */,
			);
			path = "movie-recommendationUITests";
			sourceTree = "<group>";
		};
/* End PBXGroup section */

/* Begin PBXNativeTarget section */
		43A25E992C9FFBBC00C26425 /* movie-recommendation */ = {
			isa = PBXNativeTarget;
			buildConfigurationList = 43A25EBE2C9FFBBD00C26425 /* Build configuration list for PBXNativeTarget "movie-recommendation" */;
			buildPhases = (
				43A25E962C9FFBBC00C26425 /* Sources */,
				43A25E972C9FFBBC00C26425 /* Frameworks */,
				43A25E982C9FFBBC00C26425 /* Resources */,
			);
			buildRules = (
			);
			dependencies = (
			);
			name = "movie-recommendation";
			packageProductDependencies = (
				432FCD922CA7F3A800F15A65 /* SDWebImageSwiftUI */,
			);
			productName = "movie-recommendation";
			productReference = 43A25E9A2C9FFBBC00C26425 /* movie-recommendation.app */;
			productType = "com.apple.product-type.application";
		};
		43A25EA92C9FFBBD00C26425 /* movie-recommendationTests */ = {
			isa = PBXNativeTarget;
			buildConfigurationList = 43A25EC12C9FFBBD00C26425 /* Build configuration list for PBXNativeTarget "movie-recommendationTests" */;
			buildPhases = (
				43A25EA62C9FFBBD00C26425 /* Sources */,
				43A25EA72C9FFBBD00C26425 /* Frameworks */,
				43A25EA82C9FFBBD00C26425 /* Resources */,
			);
			buildRules = (
			);
			dependencies = (
				43A25EAC2C9FFBBD00C26425 /* PBXTargetDependency */,
			);
			name = "movie-recommendationTests";
			productName = "movie-recommendationTests";
			productReference = 43A25EAA2C9FFBBD00C26425 /* movie-recommendationTests.xctest */;
			productType = "com.apple.product-type.bundle.unit-test";
		};
		43A25EB32C9FFBBD00C26425 /* movie-recommendationUITests */ = {
			isa = PBXNativeTarget;
			buildConfigurationList = 43A25EC42C9FFBBD00C26425 /* Build configuration list for PBXNativeTarget "movie-recommendationUITests" */;
			buildPhases = (
				43A25EB02C9FFBBD00C26425 /* Sources */,
				43A25EB12C9FFBBD00C26425 /* Frameworks */,
				43A25EB22C9FFBBD00C26425 /* Resources */,
			);
			buildRules = (
			);
			dependencies = (
				43A25EB62C9FFBBD00C26425 /* PBXTargetDependency */,
			);
			name = "movie-recommendationUITests";
			productName = "movie-recommendationUITests";
			productReference = 43A25EB42C9FFBBD00C26425 /* movie-recommendationUITests.xctest */;
			productType = "com.apple.product-type.bundle.ui-testing";
		};
/* End PBXNativeTarget section */

/* Begin PBXProject section */
		43A25E922C9FFBBC00C26425 /* Project object */ = {
			isa = PBXProject;
			attributes = {
				BuildIndependentTargetsInParallel = 1;
				LastSwiftUpdateCheck = 1540;
				LastUpgradeCheck = 1540;
				TargetAttributes = {
					43A25E992C9FFBBC00C26425 = {
						CreatedOnToolsVersion = 15.4;
					};
					43A25EA92C9FFBBD00C26425 = {
						CreatedOnToolsVersion = 15.4;
						TestTargetID = 43A25E992C9FFBBC00C26425;
					};
					43A25EB32C9FFBBD00C26425 = {
						CreatedOnToolsVersion = 15.4;
						TestTargetID = 43A25E992C9FFBBC00C26425;
					};
				};
			};
			buildConfigurationList = 43A25E952C9FFBBC00C26425 /* Build configuration list for PBXProject "movie-recommendation" */;
			compatibilityVersion = "Xcode 14.0";
			developmentRegion = en;
			hasScannedForEncodings = 0;
			knownRegions = (
				en,
				Base,
			);
			mainGroup = 43A25E912C9FFBBC00C26425;
			packageReferences = (
				432FCD912CA7F3A800F15A65 /* XCRemoteSwiftPackageReference "SDWebImageSwiftUI" */,
			);
			productRefGroup = 43A25E9B2C9FFBBC00C26425 /* Products */;
			projectDirPath = "";
			projectRoot = "";
			targets = (
				43A25E992C9FFBBC00C26425 /* movie-recommendation */,
				43A25EA92C9FFBBD00C26425 /* movie-recommendationTests */,
				43A25EB32C9FFBBD00C26425 /* movie-recommendationUITests */,
			);
		};
/* End PBXProject section */

/* Begin PBXResourcesBuildPhase section */
		43A25E982C9FFBBC00C26425 /* Resources */ = {
			isa = PBXResourcesBuildPhase;
			buildActionMask = 2147483647;
			files = (
				43A25EA52C9FFBBC00C26425 /* Preview Assets.xcassets in Resources */,
				43A25EA22C9FFBBC00C26425 /* Assets.xcassets in Resources */,
			);
			runOnlyForDeploymentPostprocessing = 0;
		};
		43A25EA82C9FFBBD00C26425 /* Resources */ = {
			isa = PBXResourcesBuildPhase;
			buildActionMask = 2147483647;
			files = (
			);
			runOnlyForDeploymentPostprocessing = 0;
		};
		43A25EB22C9FFBBD00C26425 /* Resources */ = {
			isa = PBXResourcesBuildPhase;
			buildActionMask = 2147483647;
			files = (
			);
			runOnlyForDeploymentPostprocessing = 0;
		};
/* End PBXResourcesBuildPhase section */

/* Begin PBXSourcesBuildPhase section */
		43A25E962C9FFBBC00C26425 /* Sources */ = {
			isa = PBXSourcesBuildPhase;
			buildActionMask = 2147483647;
			files = (
				43A25ECC2CA00DCC00C26425 /* MovieView.swift in Sources */,
				43A25ED42CA073E500C26425 /* ProfileView.swift in Sources */,
				43A25ECE2CA0126A00C26425 /* Colors.swift in Sources */,
				43A25EA02C9FFBBC00C26425 /* ContentView.swift in Sources */,
				43A25ED02CA05C7300C26425 /* DetailView.swift in Sources */,
				43A25E9E2C9FFBBC00C26425 /* movie_recommendationApp.swift in Sources */,
				43A25EC82CA0052900C26425 /* CategoryView.swift in Sources */,
				43A25ED22CA0689A00C26425 /* LoginView.swift in Sources */,
				43A25ECA2CA0059200C26425 /* Model.swift in Sources */,
			);
			runOnlyForDeploymentPostprocessing = 0;
		};
		43A25EA62C9FFBBD00C26425 /* Sources */ = {
			isa = PBXSourcesBuildPhase;
			buildActionMask = 2147483647;
			files = (
				43A25EAF2C9FFBBD00C26425 /* movie_recommendationTests.swift in Sources */,
			);
			runOnlyForDeploymentPostprocessing = 0;
		};
		43A25EB02C9FFBBD00C26425 /* Sources */ = {
			isa = PBXSourcesBuildPhase;
			buildActionMask = 2147483647;
			files = (
				43A25EBB2C9FFBBD00C26425 /* movie_recommendationUITestsLaunchTests.swift in Sources */,
				43A25EB92C9FFBBD00C26425 /* movie_recommendationUITests.swift in Sources */,
			);
			runOnlyForDeploymentPostprocessing = 0;
		};
/* End PBXSourcesBuildPhase section */

/* Begin PBXTargetDependency section */
		43A25EAC2C9FFBBD00C26425 /* PBXTargetDependency */ = {
			isa = PBXTargetDependency;
			target = 43A25E992C9FFBBC00C26425 /* movie-recommendation */;
			targetProxy = 43A25EAB2C9FFBBD00C26425 /* PBXContainerItemProxy */;
		};
		43A25EB62C9FFBBD00C26425 /* PBXTargetDependency */ = {
			isa = PBXTargetDependency;
			target = 43A25E992C9FFBBC00C26425 /* movie-recommendation */;
			targetProxy = 43A25EB52C9FFBBD00C26425 /* PBXContainerItemProxy */;
		};
/* End PBXTargetDependency section */

/* Begin XCBuildConfiguration section */
		43A25EBC2C9FFBBD00C26425 /* Debug */ = {
			isa = XCBuildConfiguration;
			buildSettings = {
				ALWAYS_SEARCH_USER_PATHS = NO;
				ASSETCATALOG_COMPILER_GENERATE_SWIFT_ASSET_SYMBOL_EXTENSIONS = YES;
				CLANG_ANALYZER_NONNULL = YES;
				CLANG_ANALYZER_NUMBER_OBJECT_CONVERSION = YES_AGGRESSIVE;
				CLANG_CXX_LANGUAGE_STANDARD = "gnu++20";
				CLANG_ENABLE_MODULES = YES;
				CLANG_ENABLE_OBJC_ARC = YES;
				CLANG_ENABLE_OBJC_WEAK = YES;
				CLANG_WARN_BLOCK_CAPTURE_AUTORELEASING = YES;
				CLANG_WARN_BOOL_CONVERSION = YES;
				CLANG_WARN_COMMA = YES;
				CLANG_WARN_CONSTANT_CONVERSION = YES;
				CLANG_WARN_DEPRECATED_OBJC_IMPLEMENTATIONS = YES;
				CLANG_WARN_DIRECT_OBJC_ISA_USAGE = YES_ERROR;
				CLANG_WARN_DOCUMENTATION_COMMENTS = YES;
				CLANG_WARN_EMPTY_BODY = YES;
				CLANG_WARN_ENUM_CONVERSION = YES;
				CLANG_WARN_INFINITE_RECURSION = YES;
				CLANG_WARN_INT_CONVERSION = YES;
				CLANG_WARN_NON_LITERAL_NULL_CONVERSION = YES;
				CLANG_WARN_OBJC_IMPLICIT_RETAIN_SELF = YES;
				CLANG_WARN_OBJC_LITERAL_CONVERSION = YES;
				CLANG_WARN_OBJC_ROOT_CLASS = YES_ERROR;
				CLANG_WARN_QUOTED_INCLUDE_IN_FRAMEWORK_HEADER = YES;
				CLANG_WARN_RANGE_LOOP_ANALYSIS = YES;
				CLANG_WARN_STRICT_PROTOTYPES = YES;
				CLANG_WARN_SUSPICIOUS_MOVE = YES;
				CLANG_WARN_UNGUARDED_AVAILABILITY = YES_AGGRESSIVE;
				CLANG_WARN_UNREACHABLE_CODE = YES;
				CLANG_WARN__DUPLICATE_METHOD_MATCH = YES;
				COPY_PHASE_STRIP = NO;
				DEBUG_INFORMATION_FORMAT = dwarf;
				ENABLE_STRICT_OBJC_MSGSEND = YES;
				ENABLE_TESTABILITY = YES;
				ENABLE_USER_SCRIPT_SANDBOXING = YES;
				GCC_C_LANGUAGE_STANDARD = gnu17;
				GCC_DYNAMIC_NO_PIC = NO;
				GCC_NO_COMMON_BLOCKS = YES;
				GCC_OPTIMIZATION_LEVEL = 0;
				GCC_PREPROCESSOR_DEFINITIONS = (
					"DEBUG=1",
					"$(inherited)",
				);
				GCC_WARN_64_TO_32_BIT_CONVERSION = YES;
				GCC_WARN_ABOUT_RETURN_TYPE = YES_ERROR;
				GCC_WARN_UNDECLARED_SELECTOR = YES;
				GCC_WARN_UNINITIALIZED_AUTOS = YES_AGGRESSIVE;
				GCC_WARN_UNUSED_FUNCTION = YES;
				GCC_WARN_UNUSED_VARIABLE = YES;
				IPHONEOS_DEPLOYMENT_TARGET = 17.5;
				LOCALIZATION_PREFERS_STRING_CATALOGS = YES;
				MTL_ENABLE_DEBUG_INFO = INCLUDE_SOURCE;
				MTL_FAST_MATH = YES;
				ONLY_ACTIVE_ARCH = YES;
				SDKROOT = iphoneos;
				SWIFT_ACTIVE_COMPILATION_CONDITIONS = "DEBUG $(inherited)";
				SWIFT_OPTIMIZATION_LEVEL = "-Onone";
			};
			name = Debug;
		};
		43A25EBD2C9FFBBD00C26425 /* Release */ = {
			isa = XCBuildConfiguration;
			buildSettings = {
				ALWAYS_SEARCH_USER_PATHS = NO;
				ASSETCATALOG_COMPILER_GENERATE_SWIFT_ASSET_SYMBOL_EXTENSIONS = YES;
				CLANG_ANALYZER_NONNULL = YES;
				CLANG_ANALYZER_NUMBER_OBJECT_CONVERSION = YES_AGGRESSIVE;
				CLANG_CXX_LANGUAGE_STANDARD = "gnu++20";
				CLANG_ENABLE_MODULES = YES;
				CLANG_ENABLE_OBJC_ARC = YES;
				CLANG_ENABLE_OBJC_WEAK = YES;
				CLANG_WARN_BLOCK_CAPTURE_AUTORELEASING = YES;
				CLANG_WARN_BOOL_CONVERSION = YES;
				CLANG_WARN_COMMA = YES;
				CLANG_WARN_CONSTANT_CONVERSION = YES;
				CLANG_WARN_DEPRECATED_OBJC_IMPLEMENTATIONS = YES;
				CLANG_WARN_DIRECT_OBJC_ISA_USAGE = YES_ERROR;
				CLANG_WARN_DOCUMENTATION_COMMENTS = YES;
				CLANG_WARN_EMPTY_BODY = YES;
				CLANG_WARN_ENUM_CONVERSION = YES;
				CLANG_WARN_INFINITE_RECURSION = YES;
				CLANG_WARN_INT_CONVERSION = YES;
				CLANG_WARN_NON_LITERAL_NULL_CONVERSION = YES;
				CLANG_WARN_OBJC_IMPLICIT_RETAIN_SELF = YES;
				CLANG_WARN_OBJC_LITERAL_CONVERSION = YES;
				CLANG_WARN_OBJC_ROOT_CLASS = YES_ERROR;
				CLANG_WARN_QUOTED_INCLUDE_IN_FRAMEWORK_HEADER = YES;
				CLANG_WARN_RANGE_LOOP_ANALYSIS = YES;
				CLANG_WARN_STRICT_PROTOTYPES = YES;
				CLANG_WARN_SUSPICIOUS_MOVE = YES;
				CLANG_WARN_UNGUARDED_AVAILABILITY = YES_AGGRESSIVE;
				CLANG_WARN_UNREACHABLE_CODE = YES;
				CLANG_WARN__DUPLICATE_METHOD_MATCH = YES;
				COPY_PHASE_STRIP = NO;
				DEBUG_INFORMATION_FORMAT = "dwarf-with-dsym";
				ENABLE_NS_ASSERTIONS = NO;
				ENABLE_STRICT_OBJC_MSGSEND = YES;
				ENABLE_USER_SCRIPT_SANDBOXING = YES;
				GCC_C_LANGUAGE_STANDARD = gnu17;
				GCC_NO_COMMON_BLOCKS = YES;
				GCC_WARN_64_TO_32_BIT_CONVERSION = YES;
				GCC_WARN_ABOUT_RETURN_TYPE = YES_ERROR;
				GCC_WARN_UNDECLARED_SELECTOR = YES;
				GCC_WARN_UNINITIALIZED_AUTOS = YES_AGGRESSIVE;
				GCC_WARN_UNUSED_FUNCTION = YES;
				GCC_WARN_UNUSED_VARIABLE = YES;
				IPHONEOS_DEPLOYMENT_TARGET = 17.5;
				LOCALIZATION_PREFERS_STRING_CATALOGS = YES;
				MTL_ENABLE_DEBUG_INFO = NO;
				MTL_FAST_MATH = YES;
				SDKROOT = iphoneos;
				SWIFT_COMPILATION_MODE = wholemodule;
				VALIDATE_PRODUCT = YES;
			};
			name = Release;
		};
		43A25EBF2C9FFBBD00C26425 /* Debug */ = {
			isa = XCBuildConfiguration;
			buildSettings = {
				ASSETCATALOG_COMPILER_APPICON_NAME = AppIcon;
				ASSETCATALOG_COMPILER_GLOBAL_ACCENT_COLOR_NAME = AccentColor;
				CODE_SIGN_STYLE = Automatic;
				CURRENT_PROJECT_VERSION = 1;
				DEVELOPMENT_ASSET_PATHS = "\"movie-recommendation/Preview Content\"";
				DEVELOPMENT_TEAM = L6R4LQV9J5;
				ENABLE_PREVIEWS = YES;
				GENERATE_INFOPLIST_FILE = YES;
				INFOPLIST_KEY_UIApplicationSceneManifest_Generation = YES;
				INFOPLIST_KEY_UIApplicationSupportsIndirectInputEvents = YES;
				INFOPLIST_KEY_UILaunchScreen_Generation = YES;
				INFOPLIST_KEY_UISupportedInterfaceOrientations_iPad = "UIInterfaceOrientationPortrait UIInterfaceOrientationPortraitUpsideDown UIInterfaceOrientationLandscapeLeft UIInterfaceOrientationLandscapeRight";
				INFOPLIST_KEY_UISupportedInterfaceOrientations_iPhone = "UIInterfaceOrientationPortrait UIInterfaceOrientationLandscapeLeft UIInterfaceOrientationLandscapeRight";
				LD_RUNPATH_SEARCH_PATHS = (
					"$(inherited)",
					"@executable_path/Frameworks",
				);
				MARKETING_VERSION = 1.0;
				PRODUCT_BUNDLE_IDENTIFIER = "movie.movie-recommendation";
				PRODUCT_NAME = "$(TARGET_NAME)";
				SWIFT_EMIT_LOC_STRINGS = YES;
				SWIFT_VERSION = 5.0;
				TARGETED_DEVICE_FAMILY = "1,2";
			};
			name = Debug;
		};
		43A25EC02C9FFBBD00C26425 /* Release */ = {
			isa = XCBuildConfiguration;
			buildSettings = {
				ASSETCATALOG_COMPILER_APPICON_NAME = AppIcon;
				ASSETCATALOG_COMPILER_GLOBAL_ACCENT_COLOR_NAME = AccentColor;
				CODE_SIGN_STYLE = Automatic;
				CURRENT_PROJECT_VERSION = 1;
				DEVELOPMENT_ASSET_PATHS = "\"movie-recommendation/Preview Content\"";
				DEVELOPMENT_TEAM = L6R4LQV9J5;
				ENABLE_PREVIEWS = YES;
				GENERATE_INFOPLIST_FILE = YES;
				INFOPLIST_KEY_UIApplicationSceneManifest_Generation = YES;
				INFOPLIST_KEY_UIApplicationSupportsIndirectInputEvents = YES;
				INFOPLIST_KEY_UILaunchScreen_Generation = YES;
				INFOPLIST_KEY_UISupportedInterfaceOrientations_iPad = "UIInterfaceOrientationPortrait UIInterfaceOrientationPortraitUpsideDown UIInterfaceOrientationLandscapeLeft UIInterfaceOrientationLandscapeRight";
				INFOPLIST_KEY_UISupportedInterfaceOrientations_iPhone = "UIInterfaceOrientationPortrait UIInterfaceOrientationLandscapeLeft UIInterfaceOrientationLandscapeRight";
				LD_RUNPATH_SEARCH_PATHS = (
					"$(inherited)",
					"@executable_path/Frameworks",
				);
				MARKETING_VERSION = 1.0;
				PRODUCT_BUNDLE_IDENTIFIER = "movie.movie-recommendation";
				PRODUCT_NAME = "$(TARGET_NAME)";
				SWIFT_EMIT_LOC_STRINGS = YES;
				SWIFT_VERSION = 5.0;
				TARGETED_DEVICE_FAMILY = "1,2";
			};
			name = Release;
		};
		43A25EC22C9FFBBD00C26425 /* Debug */ = {
			isa = XCBuildConfiguration;
			buildSettings = {
				ALWAYS_EMBED_SWIFT_STANDARD_LIBRARIES = YES;
				BUNDLE_LOADER = "$(TEST_HOST)";
				CODE_SIGN_STYLE = Automatic;
				CURRENT_PROJECT_VERSION = 1;
				DEVELOPMENT_TEAM = L6R4LQV9J5;
				GENERATE_INFOPLIST_FILE = YES;
				IPHONEOS_DEPLOYMENT_TARGET = 17.5;
				MARKETING_VERSION = 1.0;
				PRODUCT_BUNDLE_IDENTIFIER = "movie.movie-recommendationTests";
				PRODUCT_NAME = "$(TARGET_NAME)";
				SWIFT_EMIT_LOC_STRINGS = NO;
				SWIFT_VERSION = 5.0;
				TARGETED_DEVICE_FAMILY = "1,2";
				TEST_HOST = "$(BUILT_PRODUCTS_DIR)/movie-recommendation.app/$(BUNDLE_EXECUTABLE_FOLDER_PATH)/movie-recommendation";
			};
			name = Debug;
		};
		43A25EC32C9FFBBD00C26425 /* Release */ = {
			isa = XCBuildConfiguration;
			buildSettings = {
				ALWAYS_EMBED_SWIFT_STANDARD_LIBRARIES = YES;
				BUNDLE_LOADER = "$(TEST_HOST)";
				CODE_SIGN_STYLE = Automatic;
				CURRENT_PROJECT_VERSION = 1;
				DEVELOPMENT_TEAM = L6R4LQV9J5;
				GENERATE_INFOPLIST_FILE = YES;
				IPHONEOS_DEPLOYMENT_TARGET = 17.5;
				MARKETING_VERSION = 1.0;
				PRODUCT_BUNDLE_IDENTIFIER = "movie.movie-recommendationTests";
				PRODUCT_NAME = "$(TARGET_NAME)";
				SWIFT_EMIT_LOC_STRINGS = NO;
				SWIFT_VERSION = 5.0;
				TARGETED_DEVICE_FAMILY = "1,2";
				TEST_HOST = "$(BUILT_PRODUCTS_DIR)/movie-recommendation.app/$(BUNDLE_EXECUTABLE_FOLDER_PATH)/movie-recommendation";
			};
			name = Release;
		};
		43A25EC52C9FFBBD00C26425 /* Debug */ = {
			isa = XCBuildConfiguration;
			buildSettings = {
				ALWAYS_EMBED_SWIFT_STANDARD_LIBRARIES = YES;
				CODE_SIGN_STYLE = Automatic;
				CURRENT_PROJECT_VERSION = 1;
				DEVELOPMENT_TEAM = L6R4LQV9J5;
				GENERATE_INFOPLIST_FILE = YES;
				MARKETING_VERSION = 1.0;
				PRODUCT_BUNDLE_IDENTIFIER = "movie.movie-recommendationUITests";
				PRODUCT_NAME = "$(TARGET_NAME)";
				SWIFT_EMIT_LOC_STRINGS = NO;
				SWIFT_VERSION = 5.0;
				TARGETED_DEVICE_FAMILY = "1,2";
				TEST_TARGET_NAME = "movie-recommendation";
			};
			name = Debug;
		};
		43A25EC62C9FFBBD00C26425 /* Release */ = {
			isa = XCBuildConfiguration;
			buildSettings = {
				ALWAYS_EMBED_SWIFT_STANDARD_LIBRARIES = YES;
				CODE_SIGN_STYLE = Automatic;
				CURRENT_PROJECT_VERSION = 1;
				DEVELOPMENT_TEAM = L6R4LQV9J5;
				GENERATE_INFOPLIST_FILE = YES;
				MARKETING_VERSION = 1.0;
				PRODUCT_BUNDLE_IDENTIFIER = "movie.movie-recommendationUITests";
				PRODUCT_NAME = "$(TARGET_NAME)";
				SWIFT_EMIT_LOC_STRINGS = NO;
				SWIFT_VERSION = 5.0;
				TARGETED_DEVICE_FAMILY = "1,2";
				TEST_TARGET_NAME = "movie-recommendation";
			};
			name = Release;
		};
/* End XCBuildConfiguration section */

/* Begin XCConfigurationList section */
		43A25E952C9FFBBC00C26425 /* Build configuration list for PBXProject "movie-recommendation" */ = {
			isa = XCConfigurationList;
			buildConfigurations = (
				43A25EBC2C9FFBBD00C26425 /* Debug */,
				43A25EBD2C9FFBBD00C26425 /* Release */,
			);
			defaultConfigurationIsVisible = 0;
			defaultConfigurationName = Release;
		};
		43A25EBE2C9FFBBD00C26425 /* Build configuration list for PBXNativeTarget "movie-recommendation" */ = {
			isa = XCConfigurationList;
			buildConfigurations = (
				43A25EBF2C9FFBBD00C26425 /* Debug */,
				43A25EC02C9FFBBD00C26425 /* Release */,
			);
			defaultConfigurationIsVisible = 0;
			defaultConfigurationName = Release;
		};
		43A25EC12C9FFBBD00C26425 /* Build configuration list for PBXNativeTarget "movie-recommendationTests" */ = {
			isa = XCConfigurationList;
			buildConfigurations = (
				43A25EC22C9FFBBD00C26425 /* Debug */,
				43A25EC32C9FFBBD00C26425 /* Release */,
			);
			defaultConfigurationIsVisible = 0;
			defaultConfigurationName = Release;
		};
		43A25EC42C9FFBBD00C26425 /* Build configuration list for PBXNativeTarget "movie-recommendationUITests" */ = {
			isa = XCConfigurationList;
			buildConfigurations = (
				43A25EC52C9FFBBD00C26425 /* Debug */,
				43A25EC62C9FFBBD00C26425 /* Release */,
			);
			defaultConfigurationIsVisible = 0;
			defaultConfigurationName = Release;
		};
/* End XCConfigurationList section */

/* Begin XCRemoteSwiftPackageReference section */
		432FCD912CA7F3A800F15A65 /* XCRemoteSwiftPackageReference "SDWebImageSwiftUI" */ = {
			isa = XCRemoteSwiftPackageReference;
			repositoryURL = "https://github.com/SDWebImage/SDWebImageSwiftUI";
			requirement = {
				kind = upToNextMajorVersion;
				minimumVersion = 3.1.2;
			};
		};
/* End XCRemoteSwiftPackageReference section */

/* Begin XCSwiftPackageProductDependency section */
		432FCD922CA7F3A800F15A65 /* SDWebImageSwiftUI */ = {
			isa = XCSwiftPackageProductDependency;
			package = 432FCD912CA7F3A800F15A65 /* XCRemoteSwiftPackageReference "SDWebImageSwiftUI" */;
			productName = SDWebImageSwiftUI;
		};
/* End XCSwiftPackageProductDependency section */
	};
	rootObject = 43A25E922C9FFBBC00C26425 /* Project object */;
}
